// !$*UTF8*$!
{
	archiveVersion = 1;
	classes = {
	};
	objectVersion = 50;
	objects = {

/* Begin PBXBuildFile section */
		43DB14A7245FF0E400EE3238 /* AppDelegate.swift in Sources */ = {isa = PBXBuildFile; fileRef = 43DB14A6245FF0E400EE3238 /* AppDelegate.swift */; };
		43DB14A9245FF0E400EE3238 /* SceneDelegate.swift in Sources */ = {isa = PBXBuildFile; fileRef = 43DB14A8245FF0E400EE3238 /* SceneDelegate.swift */; };
		43DB14AB245FF0E400EE3238 /* ViewController.swift in Sources */ = {isa = PBXBuildFile; fileRef = 43DB14AA245FF0E400EE3238 /* ViewController.swift */; };
		43DB14AE245FF0E400EE3238 /* Main.storyboard in Resources */ = {isa = PBXBuildFile; fileRef = 43DB14AC245FF0E400EE3238 /* Main.storyboard */; };
		43DB14B0245FF0E900EE3238 /* Assets.xcassets in Resources */ = {isa = PBXBuildFile; fileRef = 43DB14AF245FF0E900EE3238 /* Assets.xcassets */; };
		43DB14B3245FF0E900EE3238 /* LaunchScreen.storyboard in Resources */ = {isa = PBXBuildFile; fileRef = 43DB14B1245FF0E900EE3238 /* LaunchScreen.storyboard */; };
		43DB14BB245FF1A100EE3238 /* NewsFeed.swift in Sources */ = {isa = PBXBuildFile; fileRef = 43DB14BA245FF1A100EE3238 /* NewsFeed.swift */; };
		43DB14BD245FF2E000EE3238 /* Article.swift in Sources */ = {isa = PBXBuildFile; fileRef = 43DB14BC245FF2E000EE3238 /* Article.swift */; };
/* End PBXBuildFile section */

/* Begin PBXFileReference section */
		43DB14A3245FF0E400EE3238 /* copyJSON.app */ = {isa = PBXFileReference; explicitFileType = wrapper.application; includeInIndex = 0; path = copyJSON.app; sourceTree = BUILT_PRODUCTS_DIR; };
		43DB14A6245FF0E400EE3238 /* AppDelegate.swift */ = {isa = PBXFileReference; lastKnownFileType = sourcecode.swift; path = AppDelegate.swift; sourceTree = "<group>"; };
		43DB14A8245FF0E400EE3238 /* SceneDelegate.swift */ = {isa = PBXFileReference; lastKnownFileType = sourcecode.swift; path = SceneDelegate.swift; sourceTree = "<group>"; };
		43DB14AA245FF0E400EE3238 /* ViewController.swift */ = {isa = PBXFileReference; lastKnownFileType = sourcecode.swift; path = ViewController.swift; sourceTree = "<group>"; };
		43DB14AD245FF0E400EE3238 /* Base */ = {isa = PBXFileReference; lastKnownFileType = file.storyboard; name = Base; path = Base.lproj/Main.storyboard; sourceTree = "<group>"; };
		43DB14AF245FF0E900EE3238 /* Assets.xcassets */ = {isa = PBXFileReference; lastKnownFileType = folder.assetcatalog; path = Assets.xcassets; sourceTree = "<group>"; };
		43DB14B2245FF0E900EE3238 /* Base */ = {isa = PBXFileReference; lastKnownFileType = file.storyboard; name = Base; path = Base.lproj/LaunchScreen.storyboard; sourceTree = "<group>"; };
		43DB14B4245FF0E900EE3238 /* Info.plist */ = {isa = PBXFileReference; lastKnownFileType = text.plist.xml; path = Info.plist; sourceTree = "<group>"; };
		43DB14BA245FF1A100EE3238 /* NewsFeed.swift */ = {isa = PBXFileReference; lastKnownFileType = sourcecode.swift; path = NewsFeed.swift; sourceTree = "<group>"; };
		43DB14BC245FF2E000EE3238 /* Article.swift */ = {isa = PBXFileReference; lastKnownFileType = sourcecode.swift; path = Article.swift; sourceTree = "<group>"; };
/* End PBXFileReference section */

/* Begin PBXFrameworksBuildPhase section */
		43DB14A0245FF0E400EE3238 /* Frameworks */ = {
			isa = PBXFrameworksBuildPhase;
			buildActionMask = 2147483647;
			files = (
			);
			runOnlyForDeploymentPostprocessing = 0;
		};
/* End PBXFrameworksBuildPhase section */

/* Begin PBXGroup section */
		43DB149A245FF0E400EE3238 = {
			isa = PBXGroup;
			children = (
				43DB14A5245FF0E400EE3238 /* copyJSON */,
				43DB14A4245FF0E400EE3238 /* Products */,
			);
			sourceTree = "<group>";
		};
		43DB14A4245FF0E400EE3238 /* Products */ = {
			isa = PBXGroup;
			children = (
				43DB14A3245FF0E400EE3238 /* copyJSON.app */,
			);
			name = Products;
			sourceTree = "<group>";
		};
		43DB14A5245FF0E400EE3238 /* copyJSON */ = {
			isa = PBXGroup;
			children = (
				43DB14A6245FF0E400EE3238 /* AppDelegate.swift */,
				43DB14A8245FF0E400EE3238 /* SceneDelegate.swift */,
				43DB14AA245FF0E400EE3238 /* ViewController.swift */,
				43DB14AC245FF0E400EE3238 /* Main.storyboard */,
				43DB14AF245FF0E900EE3238 /* Assets.xcassets */,
				43DB14B1245FF0E900EE3238 /* LaunchScreen.storyboard */,
				43DB14B4245FF0E900EE3238 /* Info.plist */,
				43DB14BA245FF1A100EE3238 /* NewsFeed.swift */,
				43DB14BC245FF2E000EE3238 /* Article.swift */,
			);
			path = copyJSON;
			sourceTree = "<group>";
		};
/* End PBXGroup section */

/* Begin PBXNativeTarget section */
		43DB14A2245FF0E400EE3238 /* copyJSON */ = {
			isa = PBXNativeTarget;
			buildConfigurationList = 43DB14B7245FF0E900EE3238 /* Build configuration list for PBXNativeTarget "copyJSON" */;
			buildPhases = (
				43DB149F245FF0E400EE3238 /* Sources */,
				43DB14A0245FF0E400EE3238 /* Frameworks */,
				43DB14A1245FF0E400EE3238 /* Resources */,
			);
			buildRules = (
			);
			dependencies = (
			);
			name = copyJSON;
			productName = copyJSON;
			productReference = 43DB14A3245FF0E400EE3238 /* copyJSON.app */;
			productType = "com.apple.product-type.application";
		};
/* End PBXNativeTarget section */

/* Begin PBXProject section */
		43DB149B245FF0E400EE3238 /* Project object */ = {
			isa = PBXProject;
			attributes = {
				LastSwiftUpdateCheck = 1140;
				LastUpgradeCheck = 1140;
				ORGANIZATIONNAME = com.codershigh;
				TargetAttributes = {
					43DB14A2245FF0E400EE3238 = {
						CreatedOnToolsVersion = 11.4.1;
					};
				};
			};
			buildConfigurationList = 43DB149E245FF0E400EE3238 /* Build configuration list for PBXProject "copyJSON" */;
			compatibilityVersion = "Xcode 9.3";
			developmentRegion = en;
			hasScannedForEncodings = 0;
			knownRegions = (
				en,
				Base,
			);
			mainGroup = 43DB149A245FF0E400EE3238;
			productRefGroup = 43DB14A4245FF0E400EE3238 /* Products */;
			projectDirPath = "";
			projectRoot = "";
			targets = (
				43DB14A2245FF0E400EE3238 /* copyJSON */,
			);
		};
/* End PBXProject section */

/* Begin PBXResourcesBuildPhase section */
		43DB14A1245FF0E400EE3238 /* Resources */ = {
			isa = PBXResourcesBuildPhase;
			buildActionMask = 2147483647;
			files = (
				43DB14B3245FF0E900EE3238 /* LaunchScreen.storyboard in Resources */,
				43DB14B0245FF0E900EE3238 /* Assets.xcassets in Resources */,
				43DB14AE245FF0E400EE3238 /* Main.storyboard in Resources */,
			);
			runOnlyForDeploymentPostprocessing = 0;
		};
/* End PBXResourcesBuildPhase section */

/* Begin PBXSourcesBuildPhase section */
		43DB149F245FF0E400EE3238 /* Sources */ = {
			isa = PBXSourcesBuildPhase;
			buildActionMask = 2147483647;
			files = (
				43DB14AB245FF0E400EE3238 /* ViewController.swift in Sources */,
				43DB14A7245FF0E400EE3238 /* AppDelegate.swift in Sources */,
				43DB14BB245FF1A100EE3238 /* NewsFeed.swift in Sources */,
				43DB14A9245FF0E400EE3238 /* SceneDelegate.swift in Sources */,
				43DB14BD245FF2E000EE3238 /* Article.swift in Sources */,
			);
			runOnlyForDeploymentPostprocessing = 0;
		};
/* End PBXSourcesBuildPhase section */

/* Begin PBXVariantGroup section */
		43DB14AC245FF0E400EE3238 /* Main.storyboard */ = {
			isa = PBXVariantGroup;
			children = (
				43DB14AD245FF0E400EE3238 /* Base */,
			);
			name = Main.storyboard;
			sourceTree = "<group>";
		};
		43DB14B1245FF0E900EE3238 /* LaunchScreen.storyboard */ = {
			isa = PBXVariantGroup;
			children = (
				43DB14B2245FF0E900EE3238 /* Base */,
			);
			name = LaunchScreen.storyboard;
			sourceTree = "<group>";
		};
/* End PBXVariantGroup section */

/* Begin XCBuildConfiguration section */
		43DB14B5245FF0E900EE3238 /* Debug */ = {
			isa = XCBuildConfiguration;
			buildSettings = {
				ALWAYS_SEARCH_USER_PATHS = NO;
				CLANG_ANALYZER_NONNULL = YES;
				CLANG_ANALYZER_NUMBER_OBJECT_CONVERSION = YES_AGGRESSIVE;
				CLANG_CXX_LANGUAGE_STANDARD = "gnu++14";
				CLANG_CXX_LIBRARY = "libc++";
				CLANG_ENABLE_MODULES = YES;
				CLANG_ENABLE_OBJC_ARC = YES;
				CLANG_ENABLE_OBJC_WEAK = YES;
				CLANG_WARN_BLOCK_CAPTURE_AUTORELEASING = YES;
				CLANG_WARN_BOOL_CONVERSION = YES;
				CLANG_WARN_COMMA = YES;
				CLANG_WARN_CONSTANT_CONVERSION = YES;
				CLANG_WARN_DEPRECATED_OBJC_IMPLEMENTATIONS = YES;
				CLANG_WARN_DIRECT_OBJC_ISA_USAGE = YES_ERROR;
				CLANG_WARN_DOCUMENTATION_COMMENTS = YES;
				CLANG_WARN_EMPTY_BODY = YES;
				CLANG_WARN_ENUM_CONVERSION = YES;
				CLANG_WARN_INFINITE_RECURSION = YES;
				CLANG_WARN_INT_CONVERSION = YES;
				CLANG_WARN_NON_LITERAL_NULL_CONVERSION = YES;
				CLANG_WARN_OBJC_IMPLICIT_RETAIN_SELF = YES;
				CLANG_WARN_OBJC_LITERAL_CONVERSION = YES;
				CLANG_WARN_OBJC_ROOT_CLASS = YES_ERROR;
				CLANG_WARN_RANGE_LOOP_ANALYSIS = YES;
				CLANG_WARN_STRICT_PROTOTYPES = YES;
				CLANG_WARN_SUSPICIOUS_MOVE = YES;
				CLANG_WARN_UNGUARDED_AVAILABILITY = YES_AGGRESSIVE;
				CLANG_WARN_UNREACHABLE_CODE = YES;
				CLANG_WARN__DUPLICATE_METHOD_MATCH = YES;
				COPY_PHASE_STRIP = NO;
				DEBUG_INFORMATION_FORMAT = dwarf;
				ENABLE_STRICT_OBJC_MSGSEND = YES;
				ENABLE_TESTABILITY = YES;
				GCC_C_LANGUAGE_STANDARD = gnu11;
				GCC_DYNAMIC_NO_PIC = NO;
				GCC_NO_COMMON_BLOCKS = YES;
				GCC_OPTIMIZATION_LEVEL = 0;
				GCC_PREPROCESSOR_DEFINITIONS = (
					"DEBUG=1",
					"$(inherited)",
				);
				GCC_WARN_64_TO_32_BIT_CONVERSION = YES;
				GCC_WARN_ABOUT_RETURN_TYPE = YES_ERROR;
				GCC_WARN_UNDECLARED_SELECTOR = YES;
				GCC_WARN_UNINITIALIZED_AUTOS = YES_AGGRESSIVE;
				GCC_WARN_UNUSED_FUNCTION = YES;
				GCC_WARN_UNUSED_VARIABLE = YES;
				IPHONEOS_DEPLOYMENT_TARGET = 13.4;
				MTL_ENABLE_DEBUG_INFO = INCLUDE_SOURCE;
				MTL_FAST_MATH = YES;
				ONLY_ACTIVE_ARCH = YES;
				SDKROOT = iphoneos;
				SWIFT_ACTIVE_COMPILATION_CONDITIONS = DEBUG;
				SWIFT_OPTIMIZATION_LEVEL = "-Onone";
			};
			name = Debug;
		};
		43DB14B6245FF0E900EE3238 /* Release */ = {
			isa = XCBuildConfiguration;
			buildSettings = {
				ALWAYS_SEARCH_USER_PATHS = NO;
				CLANG_ANALYZER_NONNULL = YES;
				CLANG_ANALYZER_NUMBER_OBJECT_CONVERSION = YES_AGGRESSIVE;
				CLANG_CXX_LANGUAGE_STANDARD = "gnu++14";
				CLANG_CXX_LIBRARY = "libc++";
				CLANG_ENABLE_MODULES = YES;
				CLANG_ENABLE_OBJC_ARC = YES;
				CLANG_ENABLE_OBJC_WEAK = YES;
				CLANG_WARN_BLOCK_CAPTURE_AUTORELEASING = YES;
				CLANG_WARN_BOOL_CONVERSION = YES;
				CLANG_WARN_COMMA = YES;
				CLANG_WARN_CONSTANT_CONVERSION = YES;
				CLANG_WARN_DEPRECATED_OBJC_IMPLEMENTATIONS = YES;
				CLANG_WARN_DIRECT_OBJC_ISA_USAGE = YES_ERROR;
				CLANG_WARN_DOCUMENTATION_COMMENTS = YES;
				CLANG_WARN_EMPTY_BODY = YES;
				CLANG_WARN_ENUM_CONVERSION = YES;
				CLANG_WARN_INFINITE_RECURSION = YES;
				CLANG_WARN_INT_CONVERSION = YES;
				CLANG_WARN_NON_LITERAL_NULL_CONVERSION = YES;
				CLANG_WARN_OBJC_IMPLICIT_RETAIN_SELF = YES;
				CLANG_WARN_OBJC_LITERAL_CONVERSION = YES;
				CLANG_WARN_OBJC_ROOT_CLASS = YES_ERROR;
				CLANG_WARN_RANGE_LOOP_ANALYSIS = YES;
				CLANG_WARN_STRICT_PROTOTYPES = YES;
				CLANG_WARN_SUSPICIOUS_MOVE = YES;
				CLANG_WARN_UNGUARDED_AVAILABILITY = YES_AGGRESSIVE;
				CLANG_WARN_UNREACHABLE_CODE = YES;
				CLANG_WARN__DUPLICATE_METHOD_MATCH = YES;
				COPY_PHASE_STRIP = NO;
				DEBUG_INFORMATION_FORMAT = "dwarf-with-dsym";
				ENABLE_NS_ASSERTIONS = NO;
				ENABLE_STRICT_OBJC_MSGSEND = YES;
				GCC_C_LANGUAGE_STANDARD = gnu11;
				GCC_NO_COMMON_BLOCKS = YES;
				GCC_WARN_64_TO_32_BIT_CONVERSION = YES;
				GCC_WARN_ABOUT_RETURN_TYPE = YES_ERROR;
				GCC_WARN_UNDECLARED_SELECTOR = YES;
				GCC_WARN_UNINITIALIZED_AUTOS = YES_AGGRESSIVE;
				GCC_WARN_UNUSED_FUNCTION = YES;
				GCC_WARN_UNUSED_VARIABLE = YES;
				IPHONEOS_DEPLOYMENT_TARGET = 13.4;
				MTL_ENABLE_DEBUG_INFO = NO;
				MTL_FAST_MATH = YES;
				SDKROOT = iphoneos;
				SWIFT_COMPILATION_MODE = wholemodule;
				SWIFT_OPTIMIZATION_LEVEL = "-O";
				VALIDATE_PRODUCT = YES;
			};
			name = Release;
		};
		43DB14B8245FF0E900EE3238 /* Debug */ = {
			isa = XCBuildConfiguration;
			buildSettings = {
				ASSETCATALOG_COMPILER_APPICON_NAME = AppIcon;
				CODE_SIGN_STYLE = Automatic;
				INFOPLIST_FILE = copyJSON/Info.plist;
				LD_RUNPATH_SEARCH_PATHS = (
					"$(inherited)",
					"@executable_path/Frameworks",
				);
				PRODUCT_BUNDLE_IDENTIFIER = com.codershigh.copyJSON;
				PRODUCT_NAME = "$(TARGET_NAME)";
				SWIFT_VERSION = 5.0;
				TARGETED_DEVICE_FAMILY = "1,2";
			};
			name = Debug;
		};
		43DB14B9245FF0E900EE3238 /* Release */ = {
			isa = XCBuildConfiguration;
			buildSettings = {
				ASSETCATALOG_COMPILER_APPICON_NAME = AppIcon;
				CODE_SIGN_STYLE = Automatic;
				INFOPLIST_FILE = copyJSON/Info.plist;
				LD_RUNPATH_SEARCH_PATHS = (
					"$(inherited)",
					"@executable_path/Frameworks",
				);
				PRODUCT_BUNDLE_IDENTIFIER = com.codershigh.copyJSON;
				PRODUCT_NAME = "$(TARGET_NAME)";
				SWIFT_VERSION = 5.0;
				TARGETED_DEVICE_FAMILY = "1,2";
			};
			name = Release;
		};
/* End XCBuildConfiguration section */

/* Begin XCConfigurationList section */
		43DB149E245FF0E400EE3238 /* Build configuration list for PBXProject "copyJSON" */ = {
			isa = XCConfigurationList;
			buildConfigurations = (
				43DB14B5245FF0E900EE3238 /* Debug */,
				43DB14B6245FF0E900EE3238 /* Release */,
			);
			defaultConfigurationIsVisible = 0;
			defaultConfigurationName = Release;
		};
		43DB14B7245FF0E900EE3238 /* Build configuration list for PBXNativeTarget "copyJSON" */ = {
			isa = XCConfigurationList;
			buildConfigurations = (
				43DB14B8245FF0E900EE3238 /* Debug */,
				43DB14B9245FF0E900EE3238 /* Release */,
			);
			defaultConfigurationIsVisible = 0;
			defaultConfigurationName = Release;
		};
/* End XCConfigurationList section */
	};
	rootObject = 43DB149B245FF0E400EE3238 /* Project object */;
}
