// !$*UTF8*$!
{
	archiveVersion = 1;
	classes = {
	};
	objectVersion = 51;
	objects = {

/* Begin PBXBuildFile section */
		431EF5B22542979800007DC0 /* AppDelegate.swift in Sources */ = {isa = PBXBuildFile; fileRef = 431EF5B12542979800007DC0 /* AppDelegate.swift */; };
		431EF5B42542979800007DC0 /* SceneDelegate.swift in Sources */ = {isa = PBXBuildFile; fileRef = 431EF5B32542979800007DC0 /* SceneDelegate.swift */; };
		431EF5B62542979800007DC0 /* ViewController.swift in Sources */ = {isa = PBXBuildFile; fileRef = 431EF5B52542979800007DC0 /* ViewController.swift */; };
		431EF5B92542979800007DC0 /* Main.storyboard in Resources */ = {isa = PBXBuildFile; fileRef = 431EF5B72542979800007DC0 /* Main.storyboard */; };
		431EF5BB2542979B00007DC0 /* Assets.xcassets in Resources */ = {isa = PBXBuildFile; fileRef = 431EF5BA2542979B00007DC0 /* Assets.xcassets */; };
		431EF5BE2542979B00007DC0 /* LaunchScreen.storyboard in Resources */ = {isa = PBXBuildFile; fileRef = 431EF5BC2542979B00007DC0 /* LaunchScreen.storyboard */; };
		431EF5CC25429C4800007DC0 /* ChatViewController.swift in Sources */ = {isa = PBXBuildFile; fileRef = 431EF5CB25429C4800007DC0 /* ChatViewController.swift */; };
		979936070760B189F11DD5CB /* Pods_TestChatAppWithFirebase.framework in Frameworks */ = {isa = PBXBuildFile; fileRef = 38D657A4E44B1E360D07963B /* Pods_TestChatAppWithFirebase.framework */; };
/* End PBXBuildFile section */

/* Begin PBXFileReference section */
		38D657A4E44B1E360D07963B /* Pods_TestChatAppWithFirebase.framework */ = {isa = PBXFileReference; explicitFileType = wrapper.framework; includeInIndex = 0; path = Pods_TestChatAppWithFirebase.framework; sourceTree = BUILT_PRODUCTS_DIR; };
		431EF5AE2542979800007DC0 /* TestChatAppWithFirebase.app */ = {isa = PBXFileReference; explicitFileType = wrapper.application; includeInIndex = 0; path = TestChatAppWithFirebase.app; sourceTree = BUILT_PRODUCTS_DIR; };
		431EF5B12542979800007DC0 /* AppDelegate.swift */ = {isa = PBXFileReference; lastKnownFileType = sourcecode.swift; path = AppDelegate.swift; sourceTree = "<group>"; };
		431EF5B32542979800007DC0 /* SceneDelegate.swift */ = {isa = PBXFileReference; lastKnownFileType = sourcecode.swift; path = SceneDelegate.swift; sourceTree = "<group>"; };
		431EF5B52542979800007DC0 /* ViewController.swift */ = {isa = PBXFileReference; lastKnownFileType = sourcecode.swift; path = ViewController.swift; sourceTree = "<group>"; };
		431EF5B82542979800007DC0 /* Base */ = {isa = PBXFileReference; lastKnownFileType = file.storyboard; name = Base; path = Base.lproj/Main.storyboard; sourceTree = "<group>"; };
		431EF5BA2542979B00007DC0 /* Assets.xcassets */ = {isa = PBXFileReference; lastKnownFileType = folder.assetcatalog; path = Assets.xcassets; sourceTree = "<group>"; };
		431EF5BD2542979B00007DC0 /* Base */ = {isa = PBXFileReference; lastKnownFileType = file.storyboard; name = Base; path = Base.lproj/LaunchScreen.storyboard; sourceTree = "<group>"; };
		431EF5BF2542979B00007DC0 /* Info.plist */ = {isa = PBXFileReference; lastKnownFileType = text.plist.xml; path = Info.plist; sourceTree = "<group>"; };
		431EF5CB25429C4800007DC0 /* ChatViewController.swift */ = {isa = PBXFileReference; lastKnownFileType = sourcecode.swift; path = ChatViewController.swift; sourceTree = "<group>"; };
		695D0B88C9F63C0EA63E6BD4 /* Pods-TestChatAppWithFirebase.release.xcconfig */ = {isa = PBXFileReference; includeInIndex = 1; lastKnownFileType = text.xcconfig; name = "Pods-TestChatAppWithFirebase.release.xcconfig"; path = "Target Support Files/Pods-TestChatAppWithFirebase/Pods-TestChatAppWithFirebase.release.xcconfig"; sourceTree = "<group>"; };
		F400F772D01735174A26DCCF /* Pods-TestChatAppWithFirebase.debug.xcconfig */ = {isa = PBXFileReference; includeInIndex = 1; lastKnownFileType = text.xcconfig; name = "Pods-TestChatAppWithFirebase.debug.xcconfig"; path = "Target Support Files/Pods-TestChatAppWithFirebase/Pods-TestChatAppWithFirebase.debug.xcconfig"; sourceTree = "<group>"; };
/* End PBXFileReference section */

/* Begin PBXFrameworksBuildPhase section */
		431EF5AB2542979800007DC0 /* Frameworks */ = {
			isa = PBXFrameworksBuildPhase;
			buildActionMask = 2147483647;
			files = (
				979936070760B189F11DD5CB /* Pods_TestChatAppWithFirebase.framework in Frameworks */,
			);
			runOnlyForDeploymentPostprocessing = 0;
		};
/* End PBXFrameworksBuildPhase section */

/* Begin PBXGroup section */
		431EF5A52542979800007DC0 = {
			isa = PBXGroup;
			children = (
				431EF5B02542979800007DC0 /* TestChatAppWithFirebase */,
				431EF5AF2542979800007DC0 /* Products */,
				EEB934DB9EDF68290A358DE5 /* Pods */,
				F355231D23169F02EEAF6E67 /* Frameworks */,
			);
			sourceTree = "<group>";
		};
		431EF5AF2542979800007DC0 /* Products */ = {
			isa = PBXGroup;
			children = (
				431EF5AE2542979800007DC0 /* TestChatAppWithFirebase.app */,
			);
			name = Products;
			sourceTree = "<group>";
		};
		431EF5B02542979800007DC0 /* TestChatAppWithFirebase */ = {
			isa = PBXGroup;
			children = (
				431EF5B12542979800007DC0 /* AppDelegate.swift */,
				431EF5B32542979800007DC0 /* SceneDelegate.swift */,
				431EF5B52542979800007DC0 /* ViewController.swift */,
				431EF5B72542979800007DC0 /* Main.storyboard */,
				431EF5BA2542979B00007DC0 /* Assets.xcassets */,
				431EF5BC2542979B00007DC0 /* LaunchScreen.storyboard */,
				431EF5BF2542979B00007DC0 /* Info.plist */,
				431EF5CB25429C4800007DC0 /* ChatViewController.swift */,
			);
			path = TestChatAppWithFirebase;
			sourceTree = "<group>";
		};
		EEB934DB9EDF68290A358DE5 /* Pods */ = {
			isa = PBXGroup;
			children = (
				F400F772D01735174A26DCCF /* Pods-TestChatAppWithFirebase.debug.xcconfig */,
				695D0B88C9F63C0EA63E6BD4 /* Pods-TestChatAppWithFirebase.release.xcconfig */,
			);
			path = Pods;
			sourceTree = "<group>";
		};
		F355231D23169F02EEAF6E67 /* Frameworks */ = {
			isa = PBXGroup;
			children = (
				38D657A4E44B1E360D07963B /* Pods_TestChatAppWithFirebase.framework */,
			);
			name = Frameworks;
			sourceTree = "<group>";
		};
/* End PBXGroup section */

/* Begin PBXNativeTarget section */
		431EF5AD2542979800007DC0 /* TestChatAppWithFirebase */ = {
			isa = PBXNativeTarget;
			buildConfigurationList = 431EF5C22542979B00007DC0 /* Build configuration list for PBXNativeTarget "TestChatAppWithFirebase" */;
			buildPhases = (
				5E26C587CDB78FE79638DA4B /* [CP] Check Pods Manifest.lock */,
				431EF5AA2542979800007DC0 /* Sources */,
				431EF5AB2542979800007DC0 /* Frameworks */,
				431EF5AC2542979800007DC0 /* Resources */,
				3E9B4BFCD00B1CF837A16887 /* [CP] Embed Pods Frameworks */,
			);
			buildRules = (
			);
			dependencies = (
			);
			name = TestChatAppWithFirebase;
			productName = TestChatAppWithFirebase;
			productReference = 431EF5AE2542979800007DC0 /* TestChatAppWithFirebase.app */;
			productType = "com.apple.product-type.application";
		};
/* End PBXNativeTarget section */

/* Begin PBXProject section */
		431EF5A62542979800007DC0 /* Project object */ = {
			isa = PBXProject;
			attributes = {
				LastSwiftUpdateCheck = 1200;
				LastUpgradeCheck = 1200;
				TargetAttributes = {
					431EF5AD2542979800007DC0 = {
						CreatedOnToolsVersion = 12.0.1;
					};
				};
			};
			buildConfigurationList = 431EF5A92542979800007DC0 /* Build configuration list for PBXProject "TestChatAppWithFirebase" */;
			compatibilityVersion = "Xcode 9.3";
			developmentRegion = en;
			hasScannedForEncodings = 0;
			knownRegions = (
				en,
				Base,
			);
			mainGroup = 431EF5A52542979800007DC0;
			productRefGroup = 431EF5AF2542979800007DC0 /* Products */;
			projectDirPath = "";
			projectRoot = "";
			targets = (
				431EF5AD2542979800007DC0 /* TestChatAppWithFirebase */,
			);
		};
/* End PBXProject section */

/* Begin PBXResourcesBuildPhase section */
		431EF5AC2542979800007DC0 /* Resources */ = {
			isa = PBXResourcesBuildPhase;
			buildActionMask = 2147483647;
			files = (
				431EF5BE2542979B00007DC0 /* LaunchScreen.storyboard in Resources */,
				431EF5BB2542979B00007DC0 /* Assets.xcassets in Resources */,
				431EF5B92542979800007DC0 /* Main.storyboard in Resources */,
			);
			runOnlyForDeploymentPostprocessing = 0;
		};
/* End PBXResourcesBuildPhase section */

/* Begin PBXShellScriptBuildPhase section */
		3E9B4BFCD00B1CF837A16887 /* [CP] Embed Pods Frameworks */ = {
			isa = PBXShellScriptBuildPhase;
			buildActionMask = 2147483647;
			files = (
			);
			inputFileListPaths = (
				"${PODS_ROOT}/Target Support Files/Pods-TestChatAppWithFirebase/Pods-TestChatAppWithFirebase-frameworks-${CONFIGURATION}-input-files.xcfilelist",
			);
			name = "[CP] Embed Pods Frameworks";
			outputFileListPaths = (
				"${PODS_ROOT}/Target Support Files/Pods-TestChatAppWithFirebase/Pods-TestChatAppWithFirebase-frameworks-${CONFIGURATION}-output-files.xcfilelist",
			);
			runOnlyForDeploymentPostprocessing = 0;
			shellPath = /bin/sh;
			shellScript = "\"${PODS_ROOT}/Target Support Files/Pods-TestChatAppWithFirebase/Pods-TestChatAppWithFirebase-frameworks.sh\"\n";
			showEnvVarsInLog = 0;
		};
		5E26C587CDB78FE79638DA4B /* [CP] Check Pods Manifest.lock */ = {
			isa = PBXShellScriptBuildPhase;
			buildActionMask = 2147483647;
			files = (
			);
			inputFileListPaths = (
			);
			inputPaths = (
				"${PODS_PODFILE_DIR_PATH}/Podfile.lock",
				"${PODS_ROOT}/Manifest.lock",
			);
			name = "[CP] Check Pods Manifest.lock";
			outputFileListPaths = (
			);
			outputPaths = (
				"$(DERIVED_FILE_DIR)/Pods-TestChatAppWithFirebase-checkManifestLockResult.txt",
			);
			runOnlyForDeploymentPostprocessing = 0;
			shellPath = /bin/sh;
			shellScript = "diff \"${PODS_PODFILE_DIR_PATH}/Podfile.lock\" \"${PODS_ROOT}/Manifest.lock\" > /dev/null\nif [ $? != 0 ] ; then\n    # print error to STDERR\n    echo \"error: The sandbox is not in sync with the Podfile.lock. Run 'pod install' or update your CocoaPods installation.\" >&2\n    exit 1\nfi\n# This output is used by Xcode 'outputs' to avoid re-running this script phase.\necho \"SUCCESS\" > \"${SCRIPT_OUTPUT_FILE_0}\"\n";
			showEnvVarsInLog = 0;
		};
/* End PBXShellScriptBuildPhase section */

/* Begin PBXSourcesBuildPhase section */
		431EF5AA2542979800007DC0 /* Sources */ = {
			isa = PBXSourcesBuildPhase;
			buildActionMask = 2147483647;
			files = (
				431EF5B62542979800007DC0 /* ViewController.swift in Sources */,
				431EF5B22542979800007DC0 /* AppDelegate.swift in Sources */,
				431EF5CC25429C4800007DC0 /* ChatViewController.swift in Sources */,
				431EF5B42542979800007DC0 /* SceneDelegate.swift in Sources */,
			);
			runOnlyForDeploymentPostprocessing = 0;
		};
/* End PBXSourcesBuildPhase section */

/* Begin PBXVariantGroup section */
		431EF5B72542979800007DC0 /* Main.storyboard */ = {
			isa = PBXVariantGroup;
			children = (
				431EF5B82542979800007DC0 /* Base */,
			);
			name = Main.storyboard;
			sourceTree = "<group>";
		};
		431EF5BC2542979B00007DC0 /* LaunchScreen.storyboard */ = {
			isa = PBXVariantGroup;
			children = (
				431EF5BD2542979B00007DC0 /* Base */,
			);
			name = LaunchScreen.storyboard;
			sourceTree = "<group>";
		};
/* End PBXVariantGroup section */

/* Begin XCBuildConfiguration section */
		431EF5C02542979B00007DC0 /* Debug */ = {
			isa = XCBuildConfiguration;
			buildSettings = {
				ALWAYS_SEARCH_USER_PATHS = NO;
				CLANG_ANALYZER_NONNULL = YES;
				CLANG_ANALYZER_NUMBER_OBJECT_CONVERSION = YES_AGGRESSIVE;
				CLANG_CXX_LANGUAGE_STANDARD = "gnu++14";
				CLANG_CXX_LIBRARY = "libc++";
				CLANG_ENABLE_MODULES = YES;
				CLANG_ENABLE_OBJC_ARC = YES;
				CLANG_ENABLE_OBJC_WEAK = YES;
				CLANG_WARN_BLOCK_CAPTURE_AUTORELEASING = YES;
				CLANG_WARN_BOOL_CONVERSION = YES;
				CLANG_WARN_COMMA = YES;
				CLANG_WARN_CONSTANT_CONVERSION = YES;
				CLANG_WARN_DEPRECATED_OBJC_IMPLEMENTATIONS = YES;
				CLANG_WARN_DIRECT_OBJC_ISA_USAGE = YES_ERROR;
				CLANG_WARN_DOCUMENTATION_COMMENTS = YES;
				CLANG_WARN_EMPTY_BODY = YES;
				CLANG_WARN_ENUM_CONVERSION = YES;
				CLANG_WARN_INFINITE_RECURSION = YES;
				CLANG_WARN_INT_CONVERSION = YES;
				CLANG_WARN_NON_LITERAL_NULL_CONVERSION = YES;
				CLANG_WARN_OBJC_IMPLICIT_RETAIN_SELF = YES;
				CLANG_WARN_OBJC_LITERAL_CONVERSION = YES;
				CLANG_WARN_OBJC_ROOT_CLASS = YES_ERROR;
				CLANG_WARN_QUOTED_INCLUDE_IN_FRAMEWORK_HEADER = YES;
				CLANG_WARN_RANGE_LOOP_ANALYSIS = YES;
				CLANG_WARN_STRICT_PROTOTYPES = YES;
				CLANG_WARN_SUSPICIOUS_MOVE = YES;
				CLANG_WARN_UNGUARDED_AVAILABILITY = YES_AGGRESSIVE;
				CLANG_WARN_UNREACHABLE_CODE = YES;
				CLANG_WARN__DUPLICATE_METHOD_MATCH = YES;
				COPY_PHASE_STRIP = NO;
				DEBUG_INFORMATION_FORMAT = dwarf;
				ENABLE_STRICT_OBJC_MSGSEND = YES;
				ENABLE_TESTABILITY = YES;
				GCC_C_LANGUAGE_STANDARD = gnu11;
				GCC_DYNAMIC_NO_PIC = NO;
				GCC_NO_COMMON_BLOCKS = YES;
				GCC_OPTIMIZATION_LEVEL = 0;
				GCC_PREPROCESSOR_DEFINITIONS = (
					"DEBUG=1",
					"$(inherited)",
				);
				GCC_WARN_64_TO_32_BIT_CONVERSION = YES;
				GCC_WARN_ABOUT_RETURN_TYPE = YES_ERROR;
				GCC_WARN_UNDECLARED_SELECTOR = YES;
				GCC_WARN_UNINITIALIZED_AUTOS = YES_AGGRESSIVE;
				GCC_WARN_UNUSED_FUNCTION = YES;
				GCC_WARN_UNUSED_VARIABLE = YES;
				IPHONEOS_DEPLOYMENT_TARGET = 14.0;
				MTL_ENABLE_DEBUG_INFO = INCLUDE_SOURCE;
				MTL_FAST_MATH = YES;
				ONLY_ACTIVE_ARCH = YES;
				SDKROOT = iphoneos;
				SWIFT_ACTIVE_COMPILATION_CONDITIONS = DEBUG;
				SWIFT_OPTIMIZATION_LEVEL = "-Onone";
			};
			name = Debug;
		};
		431EF5C12542979B00007DC0 /* Release */ = {
			isa = XCBuildConfiguration;
			buildSettings = {
				ALWAYS_SEARCH_USER_PATHS = NO;
				CLANG_ANALYZER_NONNULL = YES;
				CLANG_ANALYZER_NUMBER_OBJECT_CONVERSION = YES_AGGRESSIVE;
				CLANG_CXX_LANGUAGE_STANDARD = "gnu++14";
				CLANG_CXX_LIBRARY = "libc++";
				CLANG_ENABLE_MODULES = YES;
				CLANG_ENABLE_OBJC_ARC = YES;
				CLANG_ENABLE_OBJC_WEAK = YES;
				CLANG_WARN_BLOCK_CAPTURE_AUTORELEASING = YES;
				CLANG_WARN_BOOL_CONVERSION = YES;
				CLANG_WARN_COMMA = YES;
				CLANG_WARN_CONSTANT_CONVERSION = YES;
				CLANG_WARN_DEPRECATED_OBJC_IMPLEMENTATIONS = YES;
				CLANG_WARN_DIRECT_OBJC_ISA_USAGE = YES_ERROR;
				CLANG_WARN_DOCUMENTATION_COMMENTS = YES;
				CLANG_WARN_EMPTY_BODY = YES;
				CLANG_WARN_ENUM_CONVERSION = YES;
				CLANG_WARN_INFINITE_RECURSION = YES;
				CLANG_WARN_INT_CONVERSION = YES;
				CLANG_WARN_NON_LITERAL_NULL_CONVERSION = YES;
				CLANG_WARN_OBJC_IMPLICIT_RETAIN_SELF = YES;
				CLANG_WARN_OBJC_LITERAL_CONVERSION = YES;
				CLANG_WARN_OBJC_ROOT_CLASS = YES_ERROR;
				CLANG_WARN_QUOTED_INCLUDE_IN_FRAMEWORK_HEADER = YES;
				CLANG_WARN_RANGE_LOOP_ANALYSIS = YES;
				CLANG_WARN_STRICT_PROTOTYPES = YES;
				CLANG_WARN_SUSPICIOUS_MOVE = YES;
				CLANG_WARN_UNGUARDED_AVAILABILITY = YES_AGGRESSIVE;
				CLANG_WARN_UNREACHABLE_CODE = YES;
				CLANG_WARN__DUPLICATE_METHOD_MATCH = YES;
				COPY_PHASE_STRIP = NO;
				DEBUG_INFORMATION_FORMAT = "dwarf-with-dsym";
				ENABLE_NS_ASSERTIONS = NO;
				ENABLE_STRICT_OBJC_MSGSEND = YES;
				GCC_C_LANGUAGE_STANDARD = gnu11;
				GCC_NO_COMMON_BLOCKS = YES;
				GCC_WARN_64_TO_32_BIT_CONVERSION = YES;
				GCC_WARN_ABOUT_RETURN_TYPE = YES_ERROR;
				GCC_WARN_UNDECLARED_SELECTOR = YES;
				GCC_WARN_UNINITIALIZED_AUTOS = YES_AGGRESSIVE;
				GCC_WARN_UNUSED_FUNCTION = YES;
				GCC_WARN_UNUSED_VARIABLE = YES;
				IPHONEOS_DEPLOYMENT_TARGET = 14.0;
				MTL_ENABLE_DEBUG_INFO = NO;
				MTL_FAST_MATH = YES;
				SDKROOT = iphoneos;
				SWIFT_COMPILATION_MODE = wholemodule;
				SWIFT_OPTIMIZATION_LEVEL = "-O";
				VALIDATE_PRODUCT = YES;
			};
			name = Release;
		};
		431EF5C32542979B00007DC0 /* Debug */ = {
			isa = XCBuildConfiguration;
			baseConfigurationReference = F400F772D01735174A26DCCF /* Pods-TestChatAppWithFirebase.debug.xcconfig */;
			buildSettings = {
				ASSETCATALOG_COMPILER_APPICON_NAME = AppIcon;
				ASSETCATALOG_COMPILER_GLOBAL_ACCENT_COLOR_NAME = AccentColor;
				CODE_SIGN_STYLE = Automatic;
				DEVELOPMENT_TEAM = 62K66S66G5;
				INFOPLIST_FILE = TestChatAppWithFirebase/Info.plist;
				LD_RUNPATH_SEARCH_PATHS = (
					"$(inherited)",
					"@executable_path/Frameworks",
				);
				PRODUCT_BUNDLE_IDENTIFIER = com.codershigh.TestChatAppWithFirebase;
				PRODUCT_NAME = "$(TARGET_NAME)";
				SWIFT_VERSION = 5.0;
				TARGETED_DEVICE_FAMILY = "1,2";
			};
			name = Debug;
		};
		431EF5C42542979B00007DC0 /* Release */ = {
			isa = XCBuildConfiguration;
			baseConfigurationReference = 695D0B88C9F63C0EA63E6BD4 /* Pods-TestChatAppWithFirebase.release.xcconfig */;
			buildSettings = {
				ASSETCATALOG_COMPILER_APPICON_NAME = AppIcon;
				ASSETCATALOG_COMPILER_GLOBAL_ACCENT_COLOR_NAME = AccentColor;
				CODE_SIGN_STYLE = Automatic;
				DEVELOPMENT_TEAM = 62K66S66G5;
				INFOPLIST_FILE = TestChatAppWithFirebase/Info.plist;
				LD_RUNPATH_SEARCH_PATHS = (
					"$(inherited)",
					"@executable_path/Frameworks",
				);
				PRODUCT_BUNDLE_IDENTIFIER = com.codershigh.TestChatAppWithFirebase;
				PRODUCT_NAME = "$(TARGET_NAME)";
				SWIFT_VERSION = 5.0;
				TARGETED_DEVICE_FAMILY = "1,2";
			};
			name = Release;
		};
/* End XCBuildConfiguration section */

/* Begin XCConfigurationList section */
		431EF5A92542979800007DC0 /* Build configuration list for PBXProject "TestChatAppWithFirebase" */ = {
			isa = XCConfigurationList;
			buildConfigurations = (
				431EF5C02542979B00007DC0 /* Debug */,
				431EF5C12542979B00007DC0 /* Release */,
			);
			defaultConfigurationIsVisible = 0;
			defaultConfigurationName = Release;
		};
		431EF5C22542979B00007DC0 /* Build configuration list for PBXNativeTarget "TestChatAppWithFirebase" */ = {
			isa = XCConfigurationList;
			buildConfigurations = (
				431EF5C32542979B00007DC0 /* Debug */,
				431EF5C42542979B00007DC0 /* Release */,
			);
			defaultConfigurationIsVisible = 0;
			defaultConfigurationName = Release;
		};
/* End XCConfigurationList section */
	};
	rootObject = 431EF5A62542979800007DC0 /* Project object */;
}
